
Microsoft Visual Studio Solution File, Format Version 12.00
# Visual Studio 15
Project("{FAE04EC0-301F-11D3-BF4B-00C04F79EFBC}") = "RestWithAspNETUdemy", "RestWithAspNETUdemy 02 - Using HTTP Verbs\RestWithAspNETUdemy.csproj", "{3244C297-3192-4BE2-A599-8E8EF9D01E1A}"
EndProject
Project("{2150E333-8FDC-42A3-9474-1A3956D46DE8}") = "Solution Items", "Solution Items", "{D8F618F2-C133-4E01-B67C-00D951EC3935}"
	ProjectSection(SolutionItems) = preProject
		.gitignore = .gitignore
	EndProjectSection
EndProject
Global
	GlobalSection(SolutionConfigurationPlatforms) = preSolution
		Debug|Any CPU = Debug|Any CPU
		Release|Any CPU = Release|Any CPU
	EndGlobalSection
	GlobalSection(ProjectConfigurationPlatforms) = postSolution
		{3244C297-3192-4BE2-A599-8E8EF9D01E1A}.Debug|Any CPU.ActiveCfg = Debug|Any CPU
		{3244C297-3192-4BE2-A599-8E8EF9D01E1A}.Debug|Any CPU.Build.0 = Debug|Any CPU
		{3244C297-3192-4BE2-A599-8E8EF9D01E1A}.Release|Any CPU.ActiveCfg = Release|Any CPU
		{3244C297-3192-4BE2-A599-8E8EF9D01E1A}.Release|Any CPU.Build.0 = Release|Any CPU
	EndGlobalSection
EndGlobal
